
Microsoft Visual Studio Solution File, Format Version 12.00
# Visual Studio Version 16
VisualStudioVersion = 16.0.29728.190
MinimumVisualStudioVersion = 10.0.40219.1
Project("{9A19103F-16F7-4668-BE54-9A1E7A4F7556}") = "EmployeeApi", "EmployeeApi.csproj", "{45880748-7B64-436F-A08C-AA400BE8797B}"
EndProject
Global
	GlobalSection(SolutionConfigurationPlatforms) = preSolution
		Debug|Any CPU = Debug|Any CPU
		Release|Any CPU = Release|Any CPU
	EndGlobalSection
	GlobalSection(ProjectConfigurationPlatforms) = postSolution
		{45880748-7B64-436F-A08C-AA400BE8797B}.Debug|Any CPU.ActiveCfg = Debug|Any CPU
		{45880748-7B64-436F-A08C-AA400BE8797B}.Debug|Any CPU.Build.0 = Debug|Any CPU
		{45880748-7B64-436F-A08C-AA400BE8797B}.Release|Any CPU.ActiveCfg = Release|Any CPU
		{45880748-7B64-436F-A08C-AA400BE8797B}.Release|Any CPU.Build.0 = Release|Any CPU
	EndGlobalSection
	GlobalSection(SolutionProperties) = preSolution
		HideSolutionNode = FALSE
	EndGlobalSection
	GlobalSection(ExtensibilityGlobals) = postSolution
		SolutionGuid = {6DD8AFF0-E2F0-4E49-98B7-F149B403D254}
	EndGlobalSection
EndGlobal
